
Microsoft Visual Studio Solution File, Format Version 12.00
# Visual Studio Version 17
VisualStudioVersion = 17.2.32616.157
MinimumVisualStudioVersion = 10.0.40219.1
Project("{FAE04EC0-301F-11D3-BF4B-00C04F79EFBC}") = "todomvc", "todomvc.csproj", "{46E7A404-9C08-4092-8A35-3BD6CB8A7EA5}"
EndProject
Global
	GlobalSection(SolutionConfigurationPlatforms) = preSolution
		Debug|Any CPU = Debug|Any CPU
		Release|Any CPU = Release|Any CPU
	EndGlobalSection
	GlobalSection(ProjectConfigurationPlatforms) = postSolution
		{46E7A404-9C08-4092-8A35-3BD6CB8A7EA5}.Debug|Any CPU.ActiveCfg = Debug|Any CPU
		{46E7A404-9C08-4092-8A35-3BD6CB8A7EA5}.Debug|Any CPU.Build.0 = Debug|Any CPU
		{46E7A404-9C08-4092-8A35-3BD6CB8A7EA5}.Release|Any CPU.ActiveCfg = Release|Any CPU
		{46E7A404-9C08-4092-8A35-3BD6CB8A7EA5}.Release|Any CPU.Build.0 = Release|Any CPU
	EndGlobalSection
	GlobalSection(SolutionProperties) = preSolution
		HideSolutionNode = FALSE
	EndGlobalSection
	GlobalSection(ExtensibilityGlobals) = postSolution
		SolutionGuid = {16FBAE67-2F10-40CF-BCF2-BF813275BD1C}
	EndGlobalSection
EndGlobal
